<?xml version="1.0" encoding="utf-8"?>
<Project ToolsVersion="4.0" xmlns="http://schemas.microsoft.com/developer/msbuild/2003">
  <ItemGroup>
    <Filter Include="Source Files">
      <UniqueIdentifier>{4FC737F1-C7A5-4376-A066-2A32D752A2FF}</UniqueIdentifier>
      <Extensions>cpp;c;cc;cxx;c++;cppm;ixx;def;odl;idl;hpj;bat;asm;asmx</Extensions>
    </Filter>
    <Filter Include="Header Files">
      <UniqueIdentifier>{93995380-89BD-4b04-88EB-625FBE52EBFB}</UniqueIdentifier>
      <Extensions>h;hh;hpp;hxx;h++;hm;inl;inc;ipp;xsd</Extensions>
    </Filter>
    <Filter Include="Resource Files">
      <UniqueIdentifier>{67DA6AB6-F800-4c08-8B7A-83BB121AAD01}</UniqueIdentifier>
      <Extensions>rc;ico;cur;bmp;dlg;rc2;rct;bin;rgs;gif;jpg;jpeg;jpe;resx;tiff;tif;png;wav;mfcribbon-ms</Extensions>
    </Filter>
    <Filter Include="Header Files\Core">
      <UniqueIdentifier>{F97B2F90-CED3-40D0-A235-B8A888D7D76B}</UniqueIdentifier>
    </Filter>
    <Filter Include="Source Files\Core">
      <UniqueIdentifier>{F732BDB2-F78F-4117-B9FB-A64C197EED80}</UniqueIdentifier>
    </Filter>
  </ItemGroup>
  <ItemGroup>
    <ClCompile Include="CustomerQueue.cpp">
      <Filter>Source Files</Filter>
    </ClCompile>
    <ClInclude Include="src\framework.h">
      <Filter>Header Files</Filter>
    </ClInclude>
    <ClInclude Include="LogFileListener.h">
      <Filter>Header Files</Filter>
    </ClInclude>
    <ClInclude Include="WindowInput.h">
      <Filter>Header Files</Filter>
    </ClInclude>
    <ClInclude Include="PureMirror.Overlay.h">
      <Filter>Header Files</Filter>
    </ClInclude>
    <ClInclude Include="src\pch.h">
      <Filter>Header Files</Filter>
    </ClInclude>
    <ClInclude Include="src\external\imgui\imgui_impl_win32.h">
      <Filter>Header Files</Filter>
    </ClInclude>
    <ClInclude Include="ClientListener.h">
      <Filter>Header Files</Filter>
    </ClInclude>
    <ClInclude Include="ClientMessage.h">
      <Filter>Header Files</Filter>
    </ClInclude>
    <ClInclude Include="Customer.h">
      <Filter>Header Files</Filter>
    </ClInclude>
    <ClInclude Include="CustomerQueue.h">
      <Filter>Header Files</Filter>
    </ClInclude>
    <ClInclude Include="CustomerState.h">
      <Filter>Header Files</Filter>
    </ClInclude>
    <ClInclude Include="LogFileListenerOptions.h">
      <Filter>Header Files</Filter>
    </ClInclude>
    <ClInclude Include="LogFileStartPosition.h">
      <Filter>Header Files</Filter>
    </ClInclude>
    <ClInclude Include="LogFileSubscription.h">
      <Filter>Header Files</Filter>
    </ClInclude>
    <ClInclude Include="imgui_extension.h">
      <Filter>Header Files</Filter>
    </ClInclude>
    <ClInclude Include="src\core\CommandRegistry.h">
      <Filter>Header Files\Core</Filter>
    </ClInclude>
    <ClInclude Include="src\core\CommandDescriptor.h">
      <Filter>Header Files\Core</Filter>
    </ClInclude>
    <ClInclude Include="src\core\CommandResult.h">
      <Filter>Header Files\Core</Filter>
    </ClInclude>
    <ClInclude Include="src\core\CommandStatus.h">
      <Filter>Header Files\Core</Filter>
    </ClInclude>
    <ClInclude Include="src\core\ConsoleCommand.h">
      <Filter>Header Files\Core</Filter>
    </ClInclude>
    <ClInclude Include="src\core\ILogWriter.h">
      <Filter>Header Files\Core</Filter>
    </ClInclude>
    <ClInclude Include="src\core\LogColor.h">
      <Filter>Header Files\Core</Filter>
    </ClInclude>
    <ClInclude Include="src\core\LogLevel.h">
      <Filter>Header Files\Core</Filter>
    </ClInclude>
    <ClInclude Include="src\core\LogMessage.h">
      <Filter>Header Files\Core</Filter>
    </ClInclude>
    <ClInclude Include="src\core\LogOrigin.h">
      <Filter>Header Files\Core</Filter>
    </ClInclude>
    <ClInclude Include="src\core\LogOriginType.h">
      <Filter>Header Files\Core</Filter>
    </ClInclude>
    <ClInclude Include="src\core\Logger.h">
      <Filter>Header Files\Core</Filter>
    </ClInclude>
    <ClCompile Include="src\ui\console\ConsoleWindow.cpp">
      <Filter>Source Files</Filter>
    </ClCompile>
    <ClCompile Include="src\ui\logging\LogMessageDesignerWindow.cpp">
      <Filter>Source Files</Filter>
    </ClCompile>
  </ItemGroup>
  <ItemGroup>
    <ClCompile Include="ClientListener.cpp">
      <Filter>Source Files</Filter>
    </ClCompile>
    <ClCompile Include="PureMirror.Overlay.cpp">
      <Filter>Source Files</Filter>
    </ClCompile>
    <ClCompile Include="LogFileListener.cpp">
      <Filter>Source Files</Filter>
    </ClCompile>
    <ClCompile Include="WindowInput.cpp">
      <Filter>Source Files</Filter>
    </ClCompile>
    <ClCompile Include="dllmain.cpp">
      <Filter>Source Files</Filter>
    </ClCompile>
    <ClCompile Include="src\pch.cpp">
      <Filter>Source Files</Filter>
    </ClCompile>
    <ClCompile Include="src\external\imgui\imgui_impl_win32.cpp">
      <Filter>Source Files</Filter>
    </ClCompile>
    <ClCompile Include="src\core\CommandRegistry.cpp">
      <Filter>Source Files\Core</Filter>
    </ClCompile>
    <ClCompile Include="src\core\CommandResult.cpp">
      <Filter>Source Files\Core</Filter>
    </ClCompile>
    <ClCompile Include="src\core\Logger.cpp">
      <Filter>Source Files\Core</Filter>
    </ClCompile>
  </ItemGroup>
  <ItemGroup>
    <ResourceCompile Include="VersionInfo.rc">
      <Filter>Resource Files</Filter>
    </ResourceCompile>
  </ItemGroup>
  <ItemGroup>
    <ClInclude Include="src\ui\console\ConsoleWindow.h">
      <Filter>Header Files</Filter>
    </ClInclude>
    <ClInclude Include="src\ui\logging\LogMessageDesignerWindow.h">
      <Filter>Header Files</Filter>
    </ClInclude>
  </ItemGroup>
</Project>
