<?xml version="1.0" encoding="utf-8"?>
<Project ToolsVersion="4.0" xmlns="http://schemas.microsoft.com/developer/msbuild/2003">
  <ItemGroup>
    <Filter Include="Source Files">
      <UniqueIdentifier>{4FC737F1-C7A5-4376-A066-2A32D752A2FF}</UniqueIdentifier>
      <Extensions>cpp;c;cc;cxx;c++;cppm;ixx;def;odl;idl;hpj;bat;asm;asmx</Extensions>
    </Filter>
    <Filter Include="Header Files">
      <UniqueIdentifier>{93995380-89BD-4b04-88EB-625FBE52EBFB}</UniqueIdentifier>
      <Extensions>h;hh;hpp;hxx;h++;hm;inl;inc;ipp;xsd</Extensions>
    </Filter>
    <Filter Include="Resource Files">
      <UniqueIdentifier>{67DA6AB6-F800-4c08-8B7A-83BB121AAD01}</UniqueIdentifier>
      <Extensions>rc;ico;cur;bmp;dlg;rc2;rct;bin;rgs;gif;jpg;jpeg;jpe;resx;tiff;tif;png;wav;mfcribbon-ms</Extensions>
    </Filter>
    <Filter Include="Header Files\Core">
      <UniqueIdentifier>{F97B2F90-CED3-40D0-A235-B8A888D7D76B}</UniqueIdentifier>
    </Filter>
    <Filter Include="Source Files\Core">
      <UniqueIdentifier>{F732BDB2-F78F-4117-B9FB-A64C197EED80}</UniqueIdentifier>
    </Filter>
    <Filter Include="Header Files\Core\Commands">
      <UniqueIdentifier>{F5A71F72-0459-49CE-941A-1049584F5E96}</UniqueIdentifier>
    </Filter>
    <Filter Include="Header Files\Core\Logger">
      <UniqueIdentifier>{86B32889-03CB-433C-B3F5-D660EAEC47A4}</UniqueIdentifier>
    </Filter>
    <Filter Include="Source Files\Core\Commands">
      <UniqueIdentifier>{BD84DB16-C872-474D-8DB8-6DB540362D9F}</UniqueIdentifier>
    </Filter>
    <Filter Include="Source Files\Core\Logger">
      <UniqueIdentifier>{CA959728-747D-4361-82F9-1D6C9E761F6A}</UniqueIdentifier>
    </Filter>
    <Filter Include="Header Files\Plugins">
      <UniqueIdentifier>{A7600B79-66B1-4E71-A41B-F951238BEF5B}</UniqueIdentifier>
    </Filter>
    <Filter Include="Source Files\Plugins">
      <UniqueIdentifier>{02D9098C-B8EA-4C76-A1B8-1739D4C7B637}</UniqueIdentifier>
    </Filter>
    <Filter Include="Header Files\Core\Versions"><UniqueIdentifier>{BE98340B-0020-4369-A40F-3A65A6123396}</UniqueIdentifier></Filter>
    <Filter Include="Source Files\Core\Versions"><UniqueIdentifier>{80DB4A82-A04D-4249-9593-562D2E09B046}</UniqueIdentifier></Filter>
    <Filter Include="Header Files\Scripting"><UniqueIdentifier>{570ED7B3-E905-46D4-8B7C-76BD26C42C3F}</UniqueIdentifier></Filter>
    <Filter Include="Header Files\Scripting\AngelScript"><UniqueIdentifier>{0582D12F-77B0-4309-AE7D-23FA84AA4DA7}</UniqueIdentifier></Filter>
    <Filter Include="Source Files\Scripting"><UniqueIdentifier>{3608E473-FF2C-45EF-B5B8-D15B431D4642}</UniqueIdentifier></Filter>
    <Filter Include="Source Files\Scripting\AngelScript"><UniqueIdentifier>{1292EFB2-E4D7-468A-8869-4A0A572F1453}</UniqueIdentifier></Filter>
  </ItemGroup>
  <ItemGroup>
    <ClCompile Include="CustomerQueue.cpp">
      <Filter>Source Files</Filter>
    </ClCompile>
    <ClInclude Include="src\framework.h">
      <Filter>Header Files</Filter>
    </ClInclude>
    <ClInclude Include="LogFileListener.h">
      <Filter>Header Files</Filter>
    </ClInclude>
    <ClInclude Include="WindowInput.h">
      <Filter>Header Files</Filter>
    </ClInclude>
    <ClInclude Include="PureMirror.Overlay.h">
      <Filter>Header Files</Filter>
    </ClInclude>
    <ClInclude Include="src\pch.h">
      <Filter>Header Files</Filter>
    </ClInclude>
    <ClInclude Include="src\external\imgui\imgui_impl_win32.h">
      <Filter>Header Files</Filter>
    </ClInclude>
    <ClInclude Include="ClientListener.h">
      <Filter>Header Files</Filter>
    </ClInclude>
    <ClInclude Include="ClientMessage.h">
      <Filter>Header Files</Filter>
    </ClInclude>
    <ClInclude Include="Customer.h">
      <Filter>Header Files</Filter>
    </ClInclude>
    <ClInclude Include="CustomerQueue.h">
      <Filter>Header Files</Filter>
    </ClInclude>
    <ClInclude Include="CustomerState.h">
      <Filter>Header Files</Filter>
    </ClInclude>
    <ClInclude Include="LogFileListenerOptions.h">
      <Filter>Header Files</Filter>
    </ClInclude>
    <ClInclude Include="LogFileStartPosition.h">
      <Filter>Header Files</Filter>
    </ClInclude>
    <ClInclude Include="LogFileSubscription.h">
      <Filter>Header Files</Filter>
    </ClInclude>
    <ClInclude Include="imgui_extension.h">
      <Filter>Header Files</Filter>
    </ClInclude>
    <ClInclude Include="src\core\commands\CommandRegistry.h">
      <Filter>Header Files\Core\Commands</Filter>
    </ClInclude>
    <ClInclude Include="src\core\commands\CommandDescriptor.h">
      <Filter>Header Files\Core\Commands</Filter>
    </ClInclude>
    <ClInclude Include="src\core\commands\CommandResult.h">
      <Filter>Header Files\Core\Commands</Filter>
    </ClInclude>
    <ClInclude Include="src\core\commands\CommandStatus.h">
      <Filter>Header Files\Core\Commands</Filter>
    </ClInclude>
    <ClInclude Include="src\core\commands\ConsoleCommand.h">
      <Filter>Header Files\Core\Commands</Filter>
    </ClInclude>
    <ClInclude Include="src\core\logger\ILogWriter.h">
      <Filter>Header Files\Core\Logger</Filter>
    </ClInclude>
    <ClInclude Include="src\core\logger\LogColor.h">
      <Filter>Header Files\Core\Logger</Filter>
    </ClInclude>
    <ClInclude Include="src\core\logger\LogLevel.h">
      <Filter>Header Files\Core\Logger</Filter>
    </ClInclude>
    <ClInclude Include="src\core\logger\LogMessage.h">
      <Filter>Header Files\Core\Logger</Filter>
    </ClInclude>
    <ClInclude Include="src\core\logger\LogOrigin.h">
      <Filter>Header Files\Core\Logger</Filter>
    </ClInclude>
    <ClInclude Include="src\core\logger\LogOriginType.h">
      <Filter>Header Files\Core\Logger</Filter>
    </ClInclude>
    <ClInclude Include="src\core\logger\Logger.h">
      <Filter>Header Files\Core\Logger</Filter>
    </ClInclude>
    <ClInclude Include="src\plugins\IPluginPackageProvider.h"><Filter>Header Files\Plugins</Filter></ClInclude>
    <ClInclude Include="src\plugins\PluginChange.h"><Filter>Header Files\Plugins</Filter></ClInclude>
    <ClInclude Include="src\plugins\PluginChangePlan.h"><Filter>Header Files\Plugins</Filter></ClInclude>
    <ClInclude Include="src\plugins\PluginChangeType.h"><Filter>Header Files\Plugins</Filter></ClInclude>
    <ClInclude Include="src\plugins\PluginDependency.h"><Filter>Header Files\Plugins</Filter></ClInclude>
    <ClInclude Include="src\plugins\PluginDependencyIssue.h"><Filter>Header Files\Plugins</Filter></ClInclude>
    <ClInclude Include="src\plugins\PluginDependencyIssueType.h"><Filter>Header Files\Plugins</Filter></ClInclude>
    <ClInclude Include="src\plugins\PluginDependencyResolution.h"><Filter>Header Files\Plugins</Filter></ClInclude>
    <ClInclude Include="src\plugins\PluginDependencyResolver.h"><Filter>Header Files\Plugins</Filter></ClInclude>
    <ClInclude Include="src\plugins\PluginManifest.h"><Filter>Header Files\Plugins</Filter></ClInclude>
    <ClInclude Include="src\plugins\PluginManager.h"><Filter>Header Files\Plugins</Filter></ClInclude>
    <ClInclude Include="src\plugins\PluginManifestError.h"><Filter>Header Files\Plugins</Filter></ClInclude>
    <ClInclude Include="src\plugins\PluginManifestParseResult.h"><Filter>Header Files\Plugins</Filter></ClInclude>
    <ClInclude Include="src\plugins\PluginManifestParser.h"><Filter>Header Files\Plugins</Filter></ClInclude>
    <ClInclude Include="src\plugins\PluginInstallation.h"><Filter>Header Files\Plugins</Filter></ClInclude>
    <ClInclude Include="src\plugins\PluginPackage.h"><Filter>Header Files\Plugins</Filter></ClInclude>
    <ClInclude Include="src\plugins\PluginPackagePlanner.h"><Filter>Header Files\Plugins</Filter></ClInclude>
    <ClInclude Include="src\plugins\PluginPackageOrigin.h"><Filter>Header Files\Plugins</Filter></ClInclude>
    <ClInclude Include="src\plugins\PluginReloadPlan.h"><Filter>Header Files\Plugins</Filter></ClInclude>
    <ClInclude Include="src\plugins\PluginReloadPlanner.h"><Filter>Header Files\Plugins</Filter></ClInclude>
    <ClInclude Include="src\plugins\PluginVersionSelectionError.h"><Filter>Header Files\Plugins</Filter></ClInclude>
    <ClInclude Include="src\plugins\PluginVersionSelectionResult.h"><Filter>Header Files\Plugins</Filter></ClInclude>
    <ClInclude Include="src\plugins\PluginVersionSolver.h"><Filter>Header Files\Plugins</Filter></ClInclude>
    <ClInclude Include="src\core\versions\SemanticVersion.h"><Filter>Header Files\Core\Versions</Filter></ClInclude>
    <ClInclude Include="src\core\versions\SemanticVersionRange.h"><Filter>Header Files\Core\Versions</Filter></ClInclude>
    <ClInclude Include="src\scripting\IScriptEngine.h"><Filter>Header Files\Scripting</Filter></ClInclude>
    <ClInclude Include="src\scripting\IScriptHost.h"><Filter>Header Files\Scripting</Filter></ClInclude>
    <ClInclude Include="src\scripting\OverlayScriptHost.h"><Filter>Header Files\Scripting</Filter></ClInclude>
    <ClInclude Include="src\scripting\PluginScriptCompiler.h"><Filter>Header Files\Scripting</Filter></ClInclude>
    <ClInclude Include="src\scripting\PluginScriptInstance.h"><Filter>Header Files\Scripting</Filter></ClInclude>
    <ClInclude Include="src\scripting\ScriptCallback.h"><Filter>Header Files\Scripting</Filter></ClInclude>
    <ClInclude Include="src\scripting\ScriptCallbackTag.h"><Filter>Header Files\Scripting</Filter></ClInclude>
    <ClInclude Include="src\scripting\ScriptCallResult.h"><Filter>Header Files\Scripting</Filter></ClInclude>
    <ClInclude Include="src\scripting\ScriptCallStatus.h"><Filter>Header Files\Scripting</Filter></ClInclude>
    <ClInclude Include="src\scripting\ScriptDiagnostic.h"><Filter>Header Files\Scripting</Filter></ClInclude>
    <ClInclude Include="src\scripting\ScriptDiagnosticSeverity.h"><Filter>Header Files\Scripting</Filter></ClInclude>
    <ClInclude Include="src\scripting\ScriptModuleLoadResult.h"><Filter>Header Files\Scripting</Filter></ClInclude>
    <ClInclude Include="src\scripting\ScriptSource.h"><Filter>Header Files\Scripting</Filter></ClInclude>
    <ClInclude Include="src\scripting\angelscript\AngelScriptEngine.h"><Filter>Header Files\Scripting\AngelScript</Filter></ClInclude>
    <ClInclude Include="src\scripting\angelscript\ScriptContextWait.h"><Filter>Header Files\Scripting\AngelScript</Filter></ClInclude>
    <ClInclude Include="src\scripting\angelscript\ScriptCoroutine.h"><Filter>Header Files\Scripting\AngelScript</Filter></ClInclude>
    <ClInclude Include="src\scripting\angelscript\ScriptCoroutineArgument.h"><Filter>Header Files\Scripting\AngelScript</Filter></ClInclude>
    <ClInclude Include="src\scripting\angelscript\ScriptTask.h"><Filter>Header Files\Scripting\AngelScript</Filter></ClInclude>
    <ClCompile Include="src\ui\console\ConsoleWindow.cpp">
      <Filter>Source Files</Filter>
    </ClCompile>
    <ClCompile Include="src\ui\logging\LogMessageDesignerWindow.cpp">
      <Filter>Source Files</Filter>
    </ClCompile>
  </ItemGroup>
  <ItemGroup>
    <ClCompile Include="ClientListener.cpp">
      <Filter>Source Files</Filter>
    </ClCompile>
    <ClCompile Include="PureMirror.Overlay.cpp">
      <Filter>Source Files</Filter>
    </ClCompile>
    <ClCompile Include="LogFileListener.cpp">
      <Filter>Source Files</Filter>
    </ClCompile>
    <ClCompile Include="WindowInput.cpp">
      <Filter>Source Files</Filter>
    </ClCompile>
    <ClCompile Include="dllmain.cpp">
      <Filter>Source Files</Filter>
    </ClCompile>
    <ClCompile Include="src\pch.cpp">
      <Filter>Source Files</Filter>
    </ClCompile>
    <ClCompile Include="src\external\imgui\imgui_impl_win32.cpp">
      <Filter>Source Files</Filter>
    </ClCompile>
    <ClCompile Include="src\core\commands\CommandRegistry.cpp">
      <Filter>Source Files\Core\Commands</Filter>
    </ClCompile>
    <ClCompile Include="src\core\commands\CommandResult.cpp">
      <Filter>Source Files\Core\Commands</Filter>
    </ClCompile>
    <ClCompile Include="src\core\logger\Logger.cpp">
      <Filter>Source Files\Core\Logger</Filter>
    </ClCompile>
    <ClCompile Include="src\plugins\PluginDependencyResolver.cpp"><Filter>Source Files\Plugins</Filter></ClCompile>
    <ClCompile Include="src\plugins\PluginManifestParser.cpp"><Filter>Source Files\Plugins</Filter></ClCompile>
    <ClCompile Include="src\plugins\PluginManager.cpp"><Filter>Source Files\Plugins</Filter></ClCompile>
    <ClCompile Include="src\plugins\PluginPackagePlanner.cpp"><Filter>Source Files\Plugins</Filter></ClCompile>
    <ClCompile Include="src\plugins\PluginReloadPlanner.cpp"><Filter>Source Files\Plugins</Filter></ClCompile>
    <ClCompile Include="src\plugins\PluginVersionSolver.cpp"><Filter>Source Files\Plugins</Filter></ClCompile>
    <ClCompile Include="src\core\versions\SemanticVersion.cpp"><Filter>Source Files\Core\Versions</Filter></ClCompile>
    <ClCompile Include="src\core\versions\SemanticVersionRange.cpp"><Filter>Source Files\Core\Versions</Filter></ClCompile>
    <ClCompile Include="src\scripting\PluginScriptCompiler.cpp"><Filter>Source Files\Scripting</Filter></ClCompile>
    <ClCompile Include="src\scripting\PluginScriptInstance.cpp"><Filter>Source Files\Scripting</Filter></ClCompile>
    <ClCompile Include="src\scripting\OverlayScriptHost.cpp"><Filter>Source Files\Scripting</Filter></ClCompile>
    <ClCompile Include="src\scripting\angelscript\AngelScriptEngine.cpp"><Filter>Source Files\Scripting\AngelScript</Filter></ClCompile>
    <ClCompile Include="src\scripting\angelscript\ScriptContextWait.cpp"><Filter>Source Files\Scripting\AngelScript</Filter></ClCompile>
    <ClCompile Include="src\scripting\angelscript\ScriptCoroutine.cpp"><Filter>Source Files\Scripting\AngelScript</Filter></ClCompile>
    <ClCompile Include="src\scripting\angelscript\ScriptCoroutineArgument.cpp"><Filter>Source Files\Scripting\AngelScript</Filter></ClCompile>
    <ClCompile Include="src\scripting\angelscript\ScriptTask.cpp"><Filter>Source Files\Scripting\AngelScript</Filter></ClCompile>
  </ItemGroup>
  <ItemGroup>
    <ResourceCompile Include="VersionInfo.rc">
      <Filter>Resource Files</Filter>
    </ResourceCompile>
  </ItemGroup>
  <ItemGroup>
    <ClInclude Include="src\ui\console\ConsoleWindow.h">
      <Filter>Header Files</Filter>
    </ClInclude>
    <ClInclude Include="src\ui\logging\LogMessageDesignerWindow.h">
      <Filter>Header Files</Filter>
    </ClInclude>
  </ItemGroup>
</Project>
